
Microsoft Visual Studio Solution File, Format Version 12.00
# Visual Studio Version 16
VisualStudioVersion = 16.0.32106.194
MinimumVisualStudioVersion = 10.0.40219.1
Project("{2150E333-8FDC-42A3-9474-1A3956D46DE8}") = "src", "src", "{CA5E50D0-3E74-4DB0-BBE2-06F638D01328}"
EndProject
Project("{FAE04EC0-301F-11D3-BF4B-00C04F79EFBC}") = "Domain", "Domain\Domain.csproj", "{7A297BBE-052A-4442-8CD1-20347B1D8854}"
EndProject
Project("{FAE04EC0-301F-11D3-BF4B-00C04F79EFBC}") = "Application", "Application\Application.csproj", "{F85613BB-6FCF-4246-8579-538E9515BA3E}"
EndProject
Project("{FAE04EC0-301F-11D3-BF4B-00C04F79EFBC}") = "Infrastructute", "Infrastructute\Infrastructute.csproj", "{0BCF53C7-240C-46A2-AB37-027FFEC4CED6}"
EndProject
Project("{FAE04EC0-301F-11D3-BF4B-00C04F79EFBC}") = "WebAPI", "WebAPI\WebAPI.csproj", "{06763479-215A-4758-9C6C-48155A136F51}"
EndProject
Global
	GlobalSection(SolutionConfigurationPlatforms) = preSolution
		Debug|Any CPU = Debug|Any CPU
		Release|Any CPU = Release|Any CPU
	EndGlobalSection
	GlobalSection(ProjectConfigurationPlatforms) = postSolution
		{7A297BBE-052A-4442-8CD1-20347B1D8854}.Debug|Any CPU.ActiveCfg = Debug|Any CPU
		{7A297BBE-052A-4442-8CD1-20347B1D8854}.Debug|Any CPU.Build.0 = Debug|Any CPU
		{7A297BBE-052A-4442-8CD1-20347B1D8854}.Release|Any CPU.ActiveCfg = Release|Any CPU
		{7A297BBE-052A-4442-8CD1-20347B1D8854}.Release|Any CPU.Build.0 = Release|Any CPU
		{F85613BB-6FCF-4246-8579-538E9515BA3E}.Debug|Any CPU.ActiveCfg = Debug|Any CPU
		{F85613BB-6FCF-4246-8579-538E9515BA3E}.Debug|Any CPU.Build.0 = Debug|Any CPU
		{F85613BB-6FCF-4246-8579-538E9515BA3E}.Release|Any CPU.ActiveCfg = Release|Any CPU
		{F85613BB-6FCF-4246-8579-538E9515BA3E}.Release|Any CPU.Build.0 = Release|Any CPU
		{0BCF53C7-240C-46A2-AB37-027FFEC4CED6}.Debug|Any CPU.ActiveCfg = Debug|Any CPU
		{0BCF53C7-240C-46A2-AB37-027FFEC4CED6}.Debug|Any CPU.Build.0 = Debug|Any CPU
		{0BCF53C7-240C-46A2-AB37-027FFEC4CED6}.Release|Any CPU.ActiveCfg = Release|Any CPU
		{0BCF53C7-240C-46A2-AB37-027FFEC4CED6}.Release|Any CPU.Build.0 = Release|Any CPU
		{06763479-215A-4758-9C6C-48155A136F51}.Debug|Any CPU.ActiveCfg = Debug|Any CPU
		{06763479-215A-4758-9C6C-48155A136F51}.Debug|Any CPU.Build.0 = Debug|Any CPU
		{06763479-215A-4758-9C6C-48155A136F51}.Release|Any CPU.ActiveCfg = Release|Any CPU
		{06763479-215A-4758-9C6C-48155A136F51}.Release|Any CPU.Build.0 = Release|Any CPU
	EndGlobalSection
	GlobalSection(SolutionProperties) = preSolution
		HideSolutionNode = FALSE
	EndGlobalSection
	GlobalSection(NestedProjects) = preSolution
		{7A297BBE-052A-4442-8CD1-20347B1D8854} = {CA5E50D0-3E74-4DB0-BBE2-06F638D01328}
		{F85613BB-6FCF-4246-8579-538E9515BA3E} = {CA5E50D0-3E74-4DB0-BBE2-06F638D01328}
		{0BCF53C7-240C-46A2-AB37-027FFEC4CED6} = {CA5E50D0-3E74-4DB0-BBE2-06F638D01328}
		{06763479-215A-4758-9C6C-48155A136F51} = {CA5E50D0-3E74-4DB0-BBE2-06F638D01328}
	EndGlobalSection
	GlobalSection(ExtensibilityGlobals) = postSolution
		SolutionGuid = {9E6C78A3-924C-4EF5-BED5-AB79D53BE151}
	EndGlobalSection
EndGlobal
